
Microsoft Visual Studio Solution File, Format Version 12.00
# Visual Studio Version 17
VisualStudioVersion = 17.10.35013.160
MinimumVisualStudioVersion = 10.0.40219.1
Project("{FAE04EC0-301F-11D3-BF4B-00C04F79EFBC}") = "VuWeb", "VuWeb\VuWeb.csproj", "{C2007B5D-CC79-4AF7-8C24-B1618C83A63F}"
EndProject
Project("{FAE04EC0-301F-11D3-BF4B-00C04F79EFBC}") = "VuServer", "VuServer\VuServer.csproj", "{5FC9600E-DAFA-42C0-9077-4D9644C1039E}"
EndProject
Global
	GlobalSection(SolutionConfigurationPlatforms) = preSolution
		Debug|Any CPU = Debug|Any CPU
		Release|Any CPU = Release|Any CPU
	EndGlobalSection
	GlobalSection(ProjectConfigurationPlatforms) = postSolution
		{C2007B5D-CC79-4AF7-8C24-B1618C83A63F}.Debug|Any CPU.ActiveCfg = Debug|Any CPU
		{C2007B5D-CC79-4AF7-8C24-B1618C83A63F}.Debug|Any CPU.Build.0 = Debug|Any CPU
		{C2007B5D-CC79-4AF7-8C24-B1618C83A63F}.Release|Any CPU.ActiveCfg = Release|Any CPU
		{C2007B5D-CC79-4AF7-8C24-B1618C83A63F}.Release|Any CPU.Build.0 = Release|Any CPU
		{5FC9600E-DAFA-42C0-9077-4D9644C1039E}.Debug|Any CPU.ActiveCfg = Debug|Any CPU
		{5FC9600E-DAFA-42C0-9077-4D9644C1039E}.Debug|Any CPU.Build.0 = Debug|Any CPU
		{5FC9600E-DAFA-42C0-9077-4D9644C1039E}.Release|Any CPU.ActiveCfg = Release|Any CPU
		{5FC9600E-DAFA-42C0-9077-4D9644C1039E}.Release|Any CPU.Build.0 = Release|Any CPU
	EndGlobalSection
	GlobalSection(SolutionProperties) = preSolution
		HideSolutionNode = FALSE
	EndGlobalSection
	GlobalSection(ExtensibilityGlobals) = postSolution
		SolutionGuid = {D092D87E-B021-4EE5-9CC0-1DB6440CF9D5}
	EndGlobalSection
	GlobalSection(SubversionScc) = preSolution
		Svn-Managed = True
		Manager = AnkhSVN - Subversion Support for Visual Studio
	EndGlobalSection
EndGlobal
